
Microsoft Visual Studio Solution File, Format Version 12.00
# Visual Studio Version 17
VisualStudioVersion = 17.8.34322.80
MinimumVisualStudioVersion = 10.0.40219.1
Project("{FAE04EC0-301F-11D3-BF4B-00C04F79EFBC}") = "InstaTrain", "InstaTrain\InstaTrain.csproj", "{FC95AB77-DFB4-4FB2-85D0-7DF92EBF758A}"
EndProject
Global
	GlobalSection(SolutionConfigurationPlatforms) = preSolution
		Debug|Any CPU = Debug|Any CPU
		Release|Any CPU = Release|Any CPU
	EndGlobalSection
	GlobalSection(ProjectConfigurationPlatforms) = postSolution
		{FC95AB77-DFB4-4FB2-85D0-7DF92EBF758A}.Debug|Any CPU.ActiveCfg = Debug|Any CPU
		{FC95AB77-DFB4-4FB2-85D0-7DF92EBF758A}.Debug|Any CPU.Build.0 = Debug|Any CPU
		{FC95AB77-DFB4-4FB2-85D0-7DF92EBF758A}.Release|Any CPU.ActiveCfg = Release|Any CPU
		{FC95AB77-DFB4-4FB2-85D0-7DF92EBF758A}.Release|Any CPU.Build.0 = Release|Any CPU
	EndGlobalSection
	GlobalSection(SolutionProperties) = preSolution
		HideSolutionNode = FALSE
	EndGlobalSection
	GlobalSection(ExtensibilityGlobals) = postSolution
		SolutionGuid = {96D10D79-260F-4AFA-A024-C30F1DE4E0AC}
	EndGlobalSection
EndGlobal
